{
  "name": "ssht",
  "version": "1.0.0",
  "lockfileVersion": 1,
  "requires": true,
  "dependencies": {
    "ssh-config": {
      "version": "1.1.6",
      "resolved": "https://registry.npmjs.org/ssh-config/-/ssh-config-1.1.6.tgz",
      "integrity": "sha512-ZPO9rECxzs5JIQ6G/2EfL1I9ho/BVZkx9HRKn8+0af7QgwAmumQ7XBFP1ggMyPMo+/tUbmv0HFdv4qifdO/9JA=="
    }
  }
}
