{
  "name": "ssht",
  "version": "1.0.0",
  "lockfileVersion": 1,
  "requires": true,
  "dependencies": {
    "@types/node": {
      "version": "11.13.6",
      "resolved": "https://registry.npmjs.org/@types/node/-/node-11.13.6.tgz",
      "integrity": "sha512-Xoo/EBzEe8HxTSwaZNLZjaW6M6tA/+GmD3/DZ6uo8qSaolE/9Oarko0oV1fVfrLqOz0tx0nXJB4rdD5c+vixLw=="
    },
    "ssh-config": {
      "version": "1.1.6",
      "resolved": "https://registry.npmjs.org/ssh-config/-/ssh-config-1.1.6.tgz",
      "integrity": "sha512-ZPO9rECxzs5JIQ6G/2EfL1I9ho/BVZkx9HRKn8+0af7QgwAmumQ7XBFP1ggMyPMo+/tUbmv0HFdv4qifdO/9JA=="
    }
  }
}
